
Microsoft Visual Studio Solution File, Format Version 12.00
# Visual Studio 15
VisualStudioVersion = 15.0.26124.0
MinimumVisualStudioVersion = 15.0.26124.0
Project("{2150E333-8FDC-42A3-9474-1A3956D46DE8}") = "src", "src", "{D8ABC728-E686-4D3E-AD0E-1379F64646B1}"
EndProject
Project("{FAE04EC0-301F-11D3-BF4B-00C04F79EFBC}") = "HC.GoPlugin", "src\HC.GoPlugin\HC.GoPlugin.csproj", "{5BF019D1-4EA4-4158-AB53-2C5A9A7EBF82}"
EndProject
Project("{FAE04EC0-301F-11D3-BF4B-00C04F79EFBC}") = "HC.GoPlugin.KVExample", "src\HC.GoPlugin.KVExample\HC.GoPlugin.KVExample.csproj", "{9D38ADAB-8F2A-4522-BFFC-EAD3144325D6}"
EndProject
Project("{FAE04EC0-301F-11D3-BF4B-00C04F79EFBC}") = "HC.TFPlugin", "src\HC.TFPlugin\HC.TFPlugin.csproj", "{83512776-37C4-4D8B-9127-BBC0224F9F95}"
EndProject
Project("{FAE04EC0-301F-11D3-BF4B-00C04F79EFBC}") = "Terrascape.AcmeProvider", "src\Terrascape.AcmeProvider\Terrascape.AcmeProvider.csproj", "{A19671F5-42D2-4600-8AAD-D6CB4A717A68}"
EndProject
Project("{2150E333-8FDC-42A3-9474-1A3956D46DE8}") = "test", "test", "{52B0F950-4789-4D95-A73F-1D2A0325AA0F}"
EndProject
Project("{FAE04EC0-301F-11D3-BF4B-00C04F79EFBC}") = "HC.TFPlugin.MSTests", "test\HC.TFPlugin.MSTests\HC.TFPlugin.MSTests.csproj", "{729096BB-8006-48D6-817F-E800E9EB17BD}"
EndProject
Project("{FAE04EC0-301F-11D3-BF4B-00C04F79EFBC}") = "HC.TFPlugin.XUTests", "test\HC.TFPlugin.XUTests\HC.TFPlugin.XUTests.csproj", "{F0FD8758-EF17-43DA-AB12-32A43305BE03}"
EndProject
Project("{FAE04EC0-301F-11D3-BF4B-00C04F79EFBC}") = "Terrascape.LocalProvider", "src\Terrascape.LocalProvider\Terrascape.LocalProvider.csproj", "{D6A307C7-2F4F-4B72-A54C-D4F441074BEE}"
EndProject
Project("{FAE04EC0-301F-11D3-BF4B-00C04F79EFBC}") = "MsgPackSharp", "src\MsgPackSharp\MsgPackSharp.csproj", "{ED8B4BA3-31D6-4C57-A5A3-CE96E0ECD2D3}"
EndProject
Project("{FAE04EC0-301F-11D3-BF4B-00C04F79EFBC}") = "MsgPackSharp.CLI", "src\MsgPackSharp.CLI\MsgPackSharp.CLI.csproj", "{6D8795D1-1FF1-48DF-8176-CAD3129BA6CC}"
EndProject
Project("{FAE04EC0-301F-11D3-BF4B-00C04F79EFBC}") = "MsgPackSharpTests", "test\MsgPackSharpTests\MsgPackSharpTests.csproj", "{45F20000-2436-4152-AD3E-25F2D5A95EEC}"
EndProject
Global
	GlobalSection(SolutionConfigurationPlatforms) = preSolution
		Debug|Any CPU = Debug|Any CPU
		Debug|x64 = Debug|x64
		Debug|x86 = Debug|x86
		Release|Any CPU = Release|Any CPU
		Release|x64 = Release|x64
		Release|x86 = Release|x86
	EndGlobalSection
	GlobalSection(SolutionProperties) = preSolution
		HideSolutionNode = FALSE
	EndGlobalSection
	GlobalSection(ProjectConfigurationPlatforms) = postSolution
		{5BF019D1-4EA4-4158-AB53-2C5A9A7EBF82}.Debug|Any CPU.ActiveCfg = Debug|Any CPU
		{5BF019D1-4EA4-4158-AB53-2C5A9A7EBF82}.Debug|Any CPU.Build.0 = Debug|Any CPU
		{5BF019D1-4EA4-4158-AB53-2C5A9A7EBF82}.Debug|x64.ActiveCfg = Debug|Any CPU
		{5BF019D1-4EA4-4158-AB53-2C5A9A7EBF82}.Debug|x64.Build.0 = Debug|Any CPU
		{5BF019D1-4EA4-4158-AB53-2C5A9A7EBF82}.Debug|x86.ActiveCfg = Debug|Any CPU
		{5BF019D1-4EA4-4158-AB53-2C5A9A7EBF82}.Debug|x86.Build.0 = Debug|Any CPU
		{5BF019D1-4EA4-4158-AB53-2C5A9A7EBF82}.Release|Any CPU.ActiveCfg = Release|Any CPU
		{5BF019D1-4EA4-4158-AB53-2C5A9A7EBF82}.Release|Any CPU.Build.0 = Release|Any CPU
		{5BF019D1-4EA4-4158-AB53-2C5A9A7EBF82}.Release|x64.ActiveCfg = Release|Any CPU
		{5BF019D1-4EA4-4158-AB53-2C5A9A7EBF82}.Release|x64.Build.0 = Release|Any CPU
		{5BF019D1-4EA4-4158-AB53-2C5A9A7EBF82}.Release|x86.ActiveCfg = Release|Any CPU
		{5BF019D1-4EA4-4158-AB53-2C5A9A7EBF82}.Release|x86.Build.0 = Release|Any CPU
		{9D38ADAB-8F2A-4522-BFFC-EAD3144325D6}.Debug|Any CPU.ActiveCfg = Debug|Any CPU
		{9D38ADAB-8F2A-4522-BFFC-EAD3144325D6}.Debug|Any CPU.Build.0 = Debug|Any CPU
		{9D38ADAB-8F2A-4522-BFFC-EAD3144325D6}.Debug|x64.ActiveCfg = Debug|Any CPU
		{9D38ADAB-8F2A-4522-BFFC-EAD3144325D6}.Debug|x64.Build.0 = Debug|Any CPU
		{9D38ADAB-8F2A-4522-BFFC-EAD3144325D6}.Debug|x86.ActiveCfg = Debug|Any CPU
		{9D38ADAB-8F2A-4522-BFFC-EAD3144325D6}.Debug|x86.Build.0 = Debug|Any CPU
		{9D38ADAB-8F2A-4522-BFFC-EAD3144325D6}.Release|Any CPU.ActiveCfg = Release|Any CPU
		{9D38ADAB-8F2A-4522-BFFC-EAD3144325D6}.Release|Any CPU.Build.0 = Release|Any CPU
		{9D38ADAB-8F2A-4522-BFFC-EAD3144325D6}.Release|x64.ActiveCfg = Release|Any CPU
		{9D38ADAB-8F2A-4522-BFFC-EAD3144325D6}.Release|x64.Build.0 = Release|Any CPU
		{9D38ADAB-8F2A-4522-BFFC-EAD3144325D6}.Release|x86.ActiveCfg = Release|Any CPU
		{9D38ADAB-8F2A-4522-BFFC-EAD3144325D6}.Release|x86.Build.0 = Release|Any CPU
		{83512776-37C4-4D8B-9127-BBC0224F9F95}.Debug|Any CPU.ActiveCfg = Debug|Any CPU
		{83512776-37C4-4D8B-9127-BBC0224F9F95}.Debug|Any CPU.Build.0 = Debug|Any CPU
		{83512776-37C4-4D8B-9127-BBC0224F9F95}.Debug|x64.ActiveCfg = Debug|Any CPU
		{83512776-37C4-4D8B-9127-BBC0224F9F95}.Debug|x64.Build.0 = Debug|Any CPU
		{83512776-37C4-4D8B-9127-BBC0224F9F95}.Debug|x86.ActiveCfg = Debug|Any CPU
		{83512776-37C4-4D8B-9127-BBC0224F9F95}.Debug|x86.Build.0 = Debug|Any CPU
		{83512776-37C4-4D8B-9127-BBC0224F9F95}.Release|Any CPU.ActiveCfg = Release|Any CPU
		{83512776-37C4-4D8B-9127-BBC0224F9F95}.Release|Any CPU.Build.0 = Release|Any CPU
		{83512776-37C4-4D8B-9127-BBC0224F9F95}.Release|x64.ActiveCfg = Release|Any CPU
		{83512776-37C4-4D8B-9127-BBC0224F9F95}.Release|x64.Build.0 = Release|Any CPU
		{83512776-37C4-4D8B-9127-BBC0224F9F95}.Release|x86.ActiveCfg = Release|Any CPU
		{83512776-37C4-4D8B-9127-BBC0224F9F95}.Release|x86.Build.0 = Release|Any CPU
		{A19671F5-42D2-4600-8AAD-D6CB4A717A68}.Debug|Any CPU.ActiveCfg = Debug|Any CPU
		{A19671F5-42D2-4600-8AAD-D6CB4A717A68}.Debug|Any CPU.Build.0 = Debug|Any CPU
		{A19671F5-42D2-4600-8AAD-D6CB4A717A68}.Debug|x64.ActiveCfg = Debug|Any CPU
		{A19671F5-42D2-4600-8AAD-D6CB4A717A68}.Debug|x64.Build.0 = Debug|Any CPU
		{A19671F5-42D2-4600-8AAD-D6CB4A717A68}.Debug|x86.ActiveCfg = Debug|Any CPU
		{A19671F5-42D2-4600-8AAD-D6CB4A717A68}.Debug|x86.Build.0 = Debug|Any CPU
		{A19671F5-42D2-4600-8AAD-D6CB4A717A68}.Release|Any CPU.ActiveCfg = Release|Any CPU
		{A19671F5-42D2-4600-8AAD-D6CB4A717A68}.Release|Any CPU.Build.0 = Release|Any CPU
		{A19671F5-42D2-4600-8AAD-D6CB4A717A68}.Release|x64.ActiveCfg = Release|Any CPU
		{A19671F5-42D2-4600-8AAD-D6CB4A717A68}.Release|x64.Build.0 = Release|Any CPU
		{A19671F5-42D2-4600-8AAD-D6CB4A717A68}.Release|x86.ActiveCfg = Release|Any CPU
		{A19671F5-42D2-4600-8AAD-D6CB4A717A68}.Release|x86.Build.0 = Release|Any CPU
		{729096BB-8006-48D6-817F-E800E9EB17BD}.Debug|Any CPU.ActiveCfg = Debug|Any CPU
		{729096BB-8006-48D6-817F-E800E9EB17BD}.Debug|Any CPU.Build.0 = Debug|Any CPU
		{729096BB-8006-48D6-817F-E800E9EB17BD}.Debug|x64.ActiveCfg = Debug|Any CPU
		{729096BB-8006-48D6-817F-E800E9EB17BD}.Debug|x64.Build.0 = Debug|Any CPU
		{729096BB-8006-48D6-817F-E800E9EB17BD}.Debug|x86.ActiveCfg = Debug|Any CPU
		{729096BB-8006-48D6-817F-E800E9EB17BD}.Debug|x86.Build.0 = Debug|Any CPU
		{729096BB-8006-48D6-817F-E800E9EB17BD}.Release|Any CPU.ActiveCfg = Release|Any CPU
		{729096BB-8006-48D6-817F-E800E9EB17BD}.Release|Any CPU.Build.0 = Release|Any CPU
		{729096BB-8006-48D6-817F-E800E9EB17BD}.Release|x64.ActiveCfg = Release|Any CPU
		{729096BB-8006-48D6-817F-E800E9EB17BD}.Release|x64.Build.0 = Release|Any CPU
		{729096BB-8006-48D6-817F-E800E9EB17BD}.Release|x86.ActiveCfg = Release|Any CPU
		{729096BB-8006-48D6-817F-E800E9EB17BD}.Release|x86.Build.0 = Release|Any CPU
		{F0FD8758-EF17-43DA-AB12-32A43305BE03}.Debug|Any CPU.ActiveCfg = Debug|Any CPU
		{F0FD8758-EF17-43DA-AB12-32A43305BE03}.Debug|Any CPU.Build.0 = Debug|Any CPU
		{F0FD8758-EF17-43DA-AB12-32A43305BE03}.Debug|x64.ActiveCfg = Debug|Any CPU
		{F0FD8758-EF17-43DA-AB12-32A43305BE03}.Debug|x64.Build.0 = Debug|Any CPU
		{F0FD8758-EF17-43DA-AB12-32A43305BE03}.Debug|x86.ActiveCfg = Debug|Any CPU
		{F0FD8758-EF17-43DA-AB12-32A43305BE03}.Debug|x86.Build.0 = Debug|Any CPU
		{F0FD8758-EF17-43DA-AB12-32A43305BE03}.Release|Any CPU.ActiveCfg = Release|Any CPU
		{F0FD8758-EF17-43DA-AB12-32A43305BE03}.Release|Any CPU.Build.0 = Release|Any CPU
		{F0FD8758-EF17-43DA-AB12-32A43305BE03}.Release|x64.ActiveCfg = Release|Any CPU
		{F0FD8758-EF17-43DA-AB12-32A43305BE03}.Release|x64.Build.0 = Release|Any CPU
		{F0FD8758-EF17-43DA-AB12-32A43305BE03}.Release|x86.ActiveCfg = Release|Any CPU
		{F0FD8758-EF17-43DA-AB12-32A43305BE03}.Release|x86.Build.0 = Release|Any CPU
		{D6A307C7-2F4F-4B72-A54C-D4F441074BEE}.Debug|Any CPU.ActiveCfg = Debug|Any CPU
		{D6A307C7-2F4F-4B72-A54C-D4F441074BEE}.Debug|Any CPU.Build.0 = Debug|Any CPU
		{D6A307C7-2F4F-4B72-A54C-D4F441074BEE}.Debug|x64.ActiveCfg = Debug|Any CPU
		{D6A307C7-2F4F-4B72-A54C-D4F441074BEE}.Debug|x64.Build.0 = Debug|Any CPU
		{D6A307C7-2F4F-4B72-A54C-D4F441074BEE}.Debug|x86.ActiveCfg = Debug|Any CPU
		{D6A307C7-2F4F-4B72-A54C-D4F441074BEE}.Debug|x86.Build.0 = Debug|Any CPU
		{D6A307C7-2F4F-4B72-A54C-D4F441074BEE}.Release|Any CPU.ActiveCfg = Release|Any CPU
		{D6A307C7-2F4F-4B72-A54C-D4F441074BEE}.Release|Any CPU.Build.0 = Release|Any CPU
		{D6A307C7-2F4F-4B72-A54C-D4F441074BEE}.Release|x64.ActiveCfg = Release|Any CPU
		{D6A307C7-2F4F-4B72-A54C-D4F441074BEE}.Release|x64.Build.0 = Release|Any CPU
		{D6A307C7-2F4F-4B72-A54C-D4F441074BEE}.Release|x86.ActiveCfg = Release|Any CPU
		{D6A307C7-2F4F-4B72-A54C-D4F441074BEE}.Release|x86.Build.0 = Release|Any CPU
		{ED8B4BA3-31D6-4C57-A5A3-CE96E0ECD2D3}.Debug|Any CPU.ActiveCfg = Debug|Any CPU
		{ED8B4BA3-31D6-4C57-A5A3-CE96E0ECD2D3}.Debug|Any CPU.Build.0 = Debug|Any CPU
		{ED8B4BA3-31D6-4C57-A5A3-CE96E0ECD2D3}.Debug|x64.ActiveCfg = Debug|Any CPU
		{ED8B4BA3-31D6-4C57-A5A3-CE96E0ECD2D3}.Debug|x64.Build.0 = Debug|Any CPU
		{ED8B4BA3-31D6-4C57-A5A3-CE96E0ECD2D3}.Debug|x86.ActiveCfg = Debug|Any CPU
		{ED8B4BA3-31D6-4C57-A5A3-CE96E0ECD2D3}.Debug|x86.Build.0 = Debug|Any CPU
		{ED8B4BA3-31D6-4C57-A5A3-CE96E0ECD2D3}.Release|Any CPU.ActiveCfg = Release|Any CPU
		{ED8B4BA3-31D6-4C57-A5A3-CE96E0ECD2D3}.Release|Any CPU.Build.0 = Release|Any CPU
		{ED8B4BA3-31D6-4C57-A5A3-CE96E0ECD2D3}.Release|x64.ActiveCfg = Release|Any CPU
		{ED8B4BA3-31D6-4C57-A5A3-CE96E0ECD2D3}.Release|x64.Build.0 = Release|Any CPU
		{ED8B4BA3-31D6-4C57-A5A3-CE96E0ECD2D3}.Release|x86.ActiveCfg = Release|Any CPU
		{ED8B4BA3-31D6-4C57-A5A3-CE96E0ECD2D3}.Release|x86.Build.0 = Release|Any CPU
		{6D8795D1-1FF1-48DF-8176-CAD3129BA6CC}.Debug|Any CPU.ActiveCfg = Debug|Any CPU
		{6D8795D1-1FF1-48DF-8176-CAD3129BA6CC}.Debug|Any CPU.Build.0 = Debug|Any CPU
		{6D8795D1-1FF1-48DF-8176-CAD3129BA6CC}.Debug|x64.ActiveCfg = Debug|Any CPU
		{6D8795D1-1FF1-48DF-8176-CAD3129BA6CC}.Debug|x64.Build.0 = Debug|Any CPU
		{6D8795D1-1FF1-48DF-8176-CAD3129BA6CC}.Debug|x86.ActiveCfg = Debug|Any CPU
		{6D8795D1-1FF1-48DF-8176-CAD3129BA6CC}.Debug|x86.Build.0 = Debug|Any CPU
		{6D8795D1-1FF1-48DF-8176-CAD3129BA6CC}.Release|Any CPU.ActiveCfg = Release|Any CPU
		{6D8795D1-1FF1-48DF-8176-CAD3129BA6CC}.Release|Any CPU.Build.0 = Release|Any CPU
		{6D8795D1-1FF1-48DF-8176-CAD3129BA6CC}.Release|x64.ActiveCfg = Release|Any CPU
		{6D8795D1-1FF1-48DF-8176-CAD3129BA6CC}.Release|x64.Build.0 = Release|Any CPU
		{6D8795D1-1FF1-48DF-8176-CAD3129BA6CC}.Release|x86.ActiveCfg = Release|Any CPU
		{6D8795D1-1FF1-48DF-8176-CAD3129BA6CC}.Release|x86.Build.0 = Release|Any CPU
		{45F20000-2436-4152-AD3E-25F2D5A95EEC}.Debug|Any CPU.ActiveCfg = Debug|Any CPU
		{45F20000-2436-4152-AD3E-25F2D5A95EEC}.Debug|Any CPU.Build.0 = Debug|Any CPU
		{45F20000-2436-4152-AD3E-25F2D5A95EEC}.Debug|x64.ActiveCfg = Debug|Any CPU
		{45F20000-2436-4152-AD3E-25F2D5A95EEC}.Debug|x64.Build.0 = Debug|Any CPU
		{45F20000-2436-4152-AD3E-25F2D5A95EEC}.Debug|x86.ActiveCfg = Debug|Any CPU
		{45F20000-2436-4152-AD3E-25F2D5A95EEC}.Debug|x86.Build.0 = Debug|Any CPU
		{45F20000-2436-4152-AD3E-25F2D5A95EEC}.Release|Any CPU.ActiveCfg = Release|Any CPU
		{45F20000-2436-4152-AD3E-25F2D5A95EEC}.Release|Any CPU.Build.0 = Release|Any CPU
		{45F20000-2436-4152-AD3E-25F2D5A95EEC}.Release|x64.ActiveCfg = Release|Any CPU
		{45F20000-2436-4152-AD3E-25F2D5A95EEC}.Release|x64.Build.0 = Release|Any CPU
		{45F20000-2436-4152-AD3E-25F2D5A95EEC}.Release|x86.ActiveCfg = Release|Any CPU
		{45F20000-2436-4152-AD3E-25F2D5A95EEC}.Release|x86.Build.0 = Release|Any CPU
	EndGlobalSection
	GlobalSection(NestedProjects) = preSolution
		{5BF019D1-4EA4-4158-AB53-2C5A9A7EBF82} = {D8ABC728-E686-4D3E-AD0E-1379F64646B1}
		{9D38ADAB-8F2A-4522-BFFC-EAD3144325D6} = {D8ABC728-E686-4D3E-AD0E-1379F64646B1}
		{83512776-37C4-4D8B-9127-BBC0224F9F95} = {D8ABC728-E686-4D3E-AD0E-1379F64646B1}
		{A19671F5-42D2-4600-8AAD-D6CB4A717A68} = {D8ABC728-E686-4D3E-AD0E-1379F64646B1}
		{729096BB-8006-48D6-817F-E800E9EB17BD} = {52B0F950-4789-4D95-A73F-1D2A0325AA0F}
		{F0FD8758-EF17-43DA-AB12-32A43305BE03} = {52B0F950-4789-4D95-A73F-1D2A0325AA0F}
		{D6A307C7-2F4F-4B72-A54C-D4F441074BEE} = {D8ABC728-E686-4D3E-AD0E-1379F64646B1}
		{ED8B4BA3-31D6-4C57-A5A3-CE96E0ECD2D3} = {D8ABC728-E686-4D3E-AD0E-1379F64646B1}
		{6D8795D1-1FF1-48DF-8176-CAD3129BA6CC} = {D8ABC728-E686-4D3E-AD0E-1379F64646B1}
		{45F20000-2436-4152-AD3E-25F2D5A95EEC} = {52B0F950-4789-4D95-A73F-1D2A0325AA0F}
	EndGlobalSection
EndGlobal
